
Microsoft Visual Studio Solution File, Format Version 12.00
# Visual Studio Version 17
VisualStudioVersion = 17.7.34202.233
MinimumVisualStudioVersion = 10.0.40219.1
Project("{9A19103F-16F7-4668-BE54-9A1E7A4F7556}") = "T39_03_03_SQLServerUI", "T39_03_03_SQLServerUI\T39_03_03_SQLServerUI.csproj", "{925DE377-5938-42EA-A7A8-08BD72EA65DC}"
EndProject
Project("{9A19103F-16F7-4668-BE54-9A1E7A4F7556}") = "T39_03_01_DataAccessLibrary", "T39_03_01_DataAccessLibrary\T39_03_01_DataAccessLibrary.csproj", "{83C10005-8176-4224-9A02-F960787382CD}"
EndProject
Project("{00D1A9C2-B5F0-4AF3-8072-F6C62B433612}") = "T39_03_02_SQLContactsDB", "T39_03_02_SQLContactsDB\T39_03_02_SQLContactsDB.sqlproj", "{C6E7C461-B247-4222-9E31-EB658167C313}"
EndProject
Project("{00D1A9C2-B5F0-4AF3-8072-F6C62B433612}") = "T39_03_04_SQLDirectoryDB_Homework", "T39_03_04_SQLDirectoryDB_Homework\T39_03_04_SQLDirectoryDB_Homework.sqlproj", "{0B88DFC2-5BC9-45F4-B32C-FF9CAE0CAE58}"
EndProject
Project("{9A19103F-16F7-4668-BE54-9A1E7A4F7556}") = "T39_03_05_SQLDirectoryDALibrary_Homework", "T39_03_05_SQLDirectoryDALibrary_Homework\T39_03_05_SQLDirectoryDALibrary_Homework.csproj", "{08261298-48C6-4CEA-8279-EC76B2CF0474}"
EndProject
Project("{9A19103F-16F7-4668-BE54-9A1E7A4F7556}") = "T39_03_06_SQLDirectoryUI_Homework", "T39_03_06_SQLDirectoryUI_Homework\T39_03_06_SQLDirectoryUI_Homework.csproj", "{CE8A8CB4-870F-4542-8C14-6FFFB2124C9F}"
EndProject
Project("{9A19103F-16F7-4668-BE54-9A1E7A4F7556}") = "T39_04_02_SQLiteUI", "T39_04_02_SQLiteUI\T39_04_02_SQLiteUI.csproj", "{80C3C78A-2077-45F5-A41D-E5FC2848723C}"
EndProject
Project("{9A19103F-16F7-4668-BE54-9A1E7A4F7556}") = "T39_04_04_SQLiteDirectoryUI_Homework", "T39_04_04_SQLiteDirectoryUI_Homework\T39_04_04_SQLiteDirectoryUI_Homework.csproj", "{30F94165-30EC-428F-8AD6-86DA90DA620D}"
EndProject
Project("{9A19103F-16F7-4668-BE54-9A1E7A4F7556}") = "T39_05_01_MySqlUI", "T39_05_01_MySqlUI\T39_05_01_MySqlUI.csproj", "{6828C570-7933-47B9-B243-E502DF1D1BAA}"
EndProject
Project("{9A19103F-16F7-4668-BE54-9A1E7A4F7556}") = "T39_05_02_MySqlDirectoryUI_Homework", "T39_05_02_MySqlDirectoryUI_Homework\T39_05_02_MySqlDirectoryUI_Homework.csproj", "{7B7D17E4-A636-48BB-8117-78F245D8DE40}"
EndProject
Project("{9A19103F-16F7-4668-BE54-9A1E7A4F7556}") = "T40_02_01_DataAccessLibrary", "T40_02_01_DataAccessLibrary\T40_02_01_DataAccessLibrary.csproj", "{CFE50525-1E92-4DEA-B332-2C32397D1385}"
EndProject
Project("{9A19103F-16F7-4668-BE54-9A1E7A4F7556}") = "T40_02_02_MongoDbUI", "T40_02_02_MongoDbUI\T40_02_02_MongoDbUI.csproj", "{58BE40AF-8C3B-41AB-8D8E-A4BCA9FB2762}"
EndProject
Project("{FAE04EC0-301F-11D3-BF4B-00C04F79EFBC}") = "T40_02_03_NoSQLDirectoryDALibrary_Homework", "T40_02_03_NoSQLDirectoryDALibrary_Homework\T40_02_03_NoSQLDirectoryDALibrary_Homework.csproj", "{7401B37B-63FA-49E6-98BF-AD155BC4C65B}"
EndProject
Project("{FAE04EC0-301F-11D3-BF4B-00C04F79EFBC}") = "T40_02_04_MongoDbDirectoryUI_Homework", "T40_02_04_MongoDbDirectoryUI_Homework\T40_02_04_MongoDbDirectoryUI_Homework.csproj", "{8CE75CC3-0262-44BF-8C25-9364F6E78474}"
EndProject
Project("{FAE04EC0-301F-11D3-BF4B-00C04F79EFBC}") = "T40_03_01_CosmosDbUI", "T40_03_01_CosmosDbUI\T40_03_01_CosmosDbUI.csproj", "{7491D6CC-9A23-4768-990C-DBA18236AE42}"
EndProject
Global
	GlobalSection(SolutionConfigurationPlatforms) = preSolution
		Debug|Any CPU = Debug|Any CPU
		Release|Any CPU = Release|Any CPU
	EndGlobalSection
	GlobalSection(ProjectConfigurationPlatforms) = postSolution
		{925DE377-5938-42EA-A7A8-08BD72EA65DC}.Debug|Any CPU.ActiveCfg = Debug|Any CPU
		{925DE377-5938-42EA-A7A8-08BD72EA65DC}.Debug|Any CPU.Build.0 = Debug|Any CPU
		{925DE377-5938-42EA-A7A8-08BD72EA65DC}.Release|Any CPU.ActiveCfg = Release|Any CPU
		{925DE377-5938-42EA-A7A8-08BD72EA65DC}.Release|Any CPU.Build.0 = Release|Any CPU
		{83C10005-8176-4224-9A02-F960787382CD}.Debug|Any CPU.ActiveCfg = Debug|Any CPU
		{83C10005-8176-4224-9A02-F960787382CD}.Debug|Any CPU.Build.0 = Debug|Any CPU
		{83C10005-8176-4224-9A02-F960787382CD}.Release|Any CPU.ActiveCfg = Release|Any CPU
		{83C10005-8176-4224-9A02-F960787382CD}.Release|Any CPU.Build.0 = Release|Any CPU
		{C6E7C461-B247-4222-9E31-EB658167C313}.Debug|Any CPU.ActiveCfg = Debug|Any CPU
		{C6E7C461-B247-4222-9E31-EB658167C313}.Debug|Any CPU.Build.0 = Debug|Any CPU
		{C6E7C461-B247-4222-9E31-EB658167C313}.Debug|Any CPU.Deploy.0 = Debug|Any CPU
		{C6E7C461-B247-4222-9E31-EB658167C313}.Release|Any CPU.ActiveCfg = Release|Any CPU
		{C6E7C461-B247-4222-9E31-EB658167C313}.Release|Any CPU.Build.0 = Release|Any CPU
		{C6E7C461-B247-4222-9E31-EB658167C313}.Release|Any CPU.Deploy.0 = Release|Any CPU
		{0B88DFC2-5BC9-45F4-B32C-FF9CAE0CAE58}.Debug|Any CPU.ActiveCfg = Debug|Any CPU
		{0B88DFC2-5BC9-45F4-B32C-FF9CAE0CAE58}.Debug|Any CPU.Build.0 = Debug|Any CPU
		{0B88DFC2-5BC9-45F4-B32C-FF9CAE0CAE58}.Debug|Any CPU.Deploy.0 = Debug|Any CPU
		{0B88DFC2-5BC9-45F4-B32C-FF9CAE0CAE58}.Release|Any CPU.ActiveCfg = Release|Any CPU
		{0B88DFC2-5BC9-45F4-B32C-FF9CAE0CAE58}.Release|Any CPU.Build.0 = Release|Any CPU
		{0B88DFC2-5BC9-45F4-B32C-FF9CAE0CAE58}.Release|Any CPU.Deploy.0 = Release|Any CPU
		{08261298-48C6-4CEA-8279-EC76B2CF0474}.Debug|Any CPU.ActiveCfg = Debug|Any CPU
		{08261298-48C6-4CEA-8279-EC76B2CF0474}.Debug|Any CPU.Build.0 = Debug|Any CPU
		{08261298-48C6-4CEA-8279-EC76B2CF0474}.Release|Any CPU.ActiveCfg = Release|Any CPU
		{08261298-48C6-4CEA-8279-EC76B2CF0474}.Release|Any CPU.Build.0 = Release|Any CPU
		{CE8A8CB4-870F-4542-8C14-6FFFB2124C9F}.Debug|Any CPU.ActiveCfg = Debug|Any CPU
		{CE8A8CB4-870F-4542-8C14-6FFFB2124C9F}.Debug|Any CPU.Build.0 = Debug|Any CPU
		{CE8A8CB4-870F-4542-8C14-6FFFB2124C9F}.Release|Any CPU.ActiveCfg = Release|Any CPU
		{CE8A8CB4-870F-4542-8C14-6FFFB2124C9F}.Release|Any CPU.Build.0 = Release|Any CPU
		{80C3C78A-2077-45F5-A41D-E5FC2848723C}.Debug|Any CPU.ActiveCfg = Debug|Any CPU
		{80C3C78A-2077-45F5-A41D-E5FC2848723C}.Debug|Any CPU.Build.0 = Debug|Any CPU
		{80C3C78A-2077-45F5-A41D-E5FC2848723C}.Release|Any CPU.ActiveCfg = Release|Any CPU
		{80C3C78A-2077-45F5-A41D-E5FC2848723C}.Release|Any CPU.Build.0 = Release|Any CPU
		{30F94165-30EC-428F-8AD6-86DA90DA620D}.Debug|Any CPU.ActiveCfg = Debug|Any CPU
		{30F94165-30EC-428F-8AD6-86DA90DA620D}.Debug|Any CPU.Build.0 = Debug|Any CPU
		{30F94165-30EC-428F-8AD6-86DA90DA620D}.Release|Any CPU.ActiveCfg = Release|Any CPU
		{30F94165-30EC-428F-8AD6-86DA90DA620D}.Release|Any CPU.Build.0 = Release|Any CPU
		{6828C570-7933-47B9-B243-E502DF1D1BAA}.Debug|Any CPU.ActiveCfg = Debug|Any CPU
		{6828C570-7933-47B9-B243-E502DF1D1BAA}.Debug|Any CPU.Build.0 = Debug|Any CPU
		{6828C570-7933-47B9-B243-E502DF1D1BAA}.Release|Any CPU.ActiveCfg = Release|Any CPU
		{6828C570-7933-47B9-B243-E502DF1D1BAA}.Release|Any CPU.Build.0 = Release|Any CPU
		{7B7D17E4-A636-48BB-8117-78F245D8DE40}.Debug|Any CPU.ActiveCfg = Debug|Any CPU
		{7B7D17E4-A636-48BB-8117-78F245D8DE40}.Debug|Any CPU.Build.0 = Debug|Any CPU
		{7B7D17E4-A636-48BB-8117-78F245D8DE40}.Release|Any CPU.ActiveCfg = Release|Any CPU
		{7B7D17E4-A636-48BB-8117-78F245D8DE40}.Release|Any CPU.Build.0 = Release|Any CPU
		{CFE50525-1E92-4DEA-B332-2C32397D1385}.Debug|Any CPU.ActiveCfg = Debug|Any CPU
		{CFE50525-1E92-4DEA-B332-2C32397D1385}.Debug|Any CPU.Build.0 = Debug|Any CPU
		{CFE50525-1E92-4DEA-B332-2C32397D1385}.Release|Any CPU.ActiveCfg = Release|Any CPU
		{CFE50525-1E92-4DEA-B332-2C32397D1385}.Release|Any CPU.Build.0 = Release|Any CPU
		{58BE40AF-8C3B-41AB-8D8E-A4BCA9FB2762}.Debug|Any CPU.ActiveCfg = Debug|Any CPU
		{58BE40AF-8C3B-41AB-8D8E-A4BCA9FB2762}.Debug|Any CPU.Build.0 = Debug|Any CPU
		{58BE40AF-8C3B-41AB-8D8E-A4BCA9FB2762}.Release|Any CPU.ActiveCfg = Release|Any CPU
		{58BE40AF-8C3B-41AB-8D8E-A4BCA9FB2762}.Release|Any CPU.Build.0 = Release|Any CPU
		{7401B37B-63FA-49E6-98BF-AD155BC4C65B}.Debug|Any CPU.ActiveCfg = Debug|Any CPU
		{7401B37B-63FA-49E6-98BF-AD155BC4C65B}.Debug|Any CPU.Build.0 = Debug|Any CPU
		{7401B37B-63FA-49E6-98BF-AD155BC4C65B}.Release|Any CPU.ActiveCfg = Release|Any CPU
		{7401B37B-63FA-49E6-98BF-AD155BC4C65B}.Release|Any CPU.Build.0 = Release|Any CPU
		{8CE75CC3-0262-44BF-8C25-9364F6E78474}.Debug|Any CPU.ActiveCfg = Debug|Any CPU
		{8CE75CC3-0262-44BF-8C25-9364F6E78474}.Debug|Any CPU.Build.0 = Debug|Any CPU
		{8CE75CC3-0262-44BF-8C25-9364F6E78474}.Release|Any CPU.ActiveCfg = Release|Any CPU
		{8CE75CC3-0262-44BF-8C25-9364F6E78474}.Release|Any CPU.Build.0 = Release|Any CPU
		{7491D6CC-9A23-4768-990C-DBA18236AE42}.Debug|Any CPU.ActiveCfg = Debug|Any CPU
		{7491D6CC-9A23-4768-990C-DBA18236AE42}.Debug|Any CPU.Build.0 = Debug|Any CPU
		{7491D6CC-9A23-4768-990C-DBA18236AE42}.Release|Any CPU.ActiveCfg = Release|Any CPU
		{7491D6CC-9A23-4768-990C-DBA18236AE42}.Release|Any CPU.Build.0 = Release|Any CPU
	EndGlobalSection
	GlobalSection(SolutionProperties) = preSolution
		HideSolutionNode = FALSE
	EndGlobalSection
	GlobalSection(ExtensibilityGlobals) = postSolution
		SolutionGuid = {4425884D-C709-4D0A-BED4-89EE3F406986}
	EndGlobalSection
EndGlobal
